
Microsoft Visual Studio Solution File, Format Version 12.00
# Visual Studio Version 16
VisualStudioVersion = 16.0.30907.101
MinimumVisualStudioVersion = 10.0.40219.1
Project("{F184B08F-C81C-45F6-A57F-5ABD9991F28F}") = "ImageViewer", "ImageViewer\ImageViewer.vbproj", "{53EAF4D3-22FA-4991-AE92-7EDDF4DAE569}"
EndProject
Global
	GlobalSection(SolutionConfigurationPlatforms) = preSolution
		Debug|Any CPU = Debug|Any CPU
		Release|Any CPU = Release|Any CPU
	EndGlobalSection
	GlobalSection(ProjectConfigurationPlatforms) = postSolution
		{53EAF4D3-22FA-4991-AE92-7EDDF4DAE569}.Debug|Any CPU.ActiveCfg = Debug|Any CPU
		{53EAF4D3-22FA-4991-AE92-7EDDF4DAE569}.Debug|Any CPU.Build.0 = Debug|Any CPU
		{53EAF4D3-22FA-4991-AE92-7EDDF4DAE569}.Release|Any CPU.ActiveCfg = Release|Any CPU
		{53EAF4D3-22FA-4991-AE92-7EDDF4DAE569}.Release|Any CPU.Build.0 = Release|Any CPU
	EndGlobalSection
	GlobalSection(SolutionProperties) = preSolution
		HideSolutionNode = FALSE
	EndGlobalSection
	GlobalSection(ExtensibilityGlobals) = postSolution
		SolutionGuid = {EDEFE2CE-A184-40CD-A9F1-851D23E09444}
	EndGlobalSection
EndGlobal
