
Microsoft Visual Studio Solution File, Format Version 12.00
# Visual Studio Version 16
VisualStudioVersion = 16.0.30907.101
MinimumVisualStudioVersion = 10.0.40219.1
Project("{F184B08F-C81C-45F6-A57F-5ABD9991F28F}") = "Shopping Cart", "Shopping Cart\Shopping Cart.vbproj", "{D08705F9-23F3-475A-AFB5-D9D6FFCE3B64}"
EndProject
Global
	GlobalSection(SolutionConfigurationPlatforms) = preSolution
		Debug|Any CPU = Debug|Any CPU
		Release|Any CPU = Release|Any CPU
	EndGlobalSection
	GlobalSection(ProjectConfigurationPlatforms) = postSolution
		{D08705F9-23F3-475A-AFB5-D9D6FFCE3B64}.Debug|Any CPU.ActiveCfg = Debug|Any CPU
		{D08705F9-23F3-475A-AFB5-D9D6FFCE3B64}.Debug|Any CPU.Build.0 = Debug|Any CPU
		{D08705F9-23F3-475A-AFB5-D9D6FFCE3B64}.Release|Any CPU.ActiveCfg = Release|Any CPU
		{D08705F9-23F3-475A-AFB5-D9D6FFCE3B64}.Release|Any CPU.Build.0 = Release|Any CPU
	EndGlobalSection
	GlobalSection(SolutionProperties) = preSolution
		HideSolutionNode = FALSE
	EndGlobalSection
	GlobalSection(ExtensibilityGlobals) = postSolution
		SolutionGuid = {036BD2F5-0E9C-4AEF-A9A3-3BA147DBE9CB}
	EndGlobalSection
EndGlobal
